
Microsoft Visual Studio Solution File, Format Version 11.00
# Visual Studio 2010
Project("{FAE04EC0-301F-11D3-BF4B-00C04F79EFBC}") = "SLApp_Beta", "SLApp_Beta.csproj", "{A704FE6F-5646-42DE-B8F7-C8E75FA52EBF}"
EndProject
Global
	GlobalSection(SolutionConfigurationPlatforms) = preSolution
		Debug|x86 = Debug|x86
		Release|x86 = Release|x86
	EndGlobalSection
	GlobalSection(ProjectConfigurationPlatforms) = postSolution
		{A704FE6F-5646-42DE-B8F7-C8E75FA52EBF}.Debug|x86.ActiveCfg = Debug|x86
		{A704FE6F-5646-42DE-B8F7-C8E75FA52EBF}.Debug|x86.Build.0 = Debug|x86
		{A704FE6F-5646-42DE-B8F7-C8E75FA52EBF}.Release|x86.ActiveCfg = Release|x86
		{A704FE6F-5646-42DE-B8F7-C8E75FA52EBF}.Release|x86.Build.0 = Release|x86
	EndGlobalSection
	GlobalSection(SolutionProperties) = preSolution
		HideSolutionNode = FALSE
	EndGlobalSection
EndGlobal
